
Microsoft Visual Studio Solution File, Format Version 12.00
# Visual Studio 15
VisualStudioVersion = 15.0.28307.1525
MinimumVisualStudioVersion = 10.0.40219.1
Project("{8BC9CEB8-8B4A-11D0-8D11-00A0C91BC942}") = "F16HUDAnalyser", "F16HUDAnalyser\F16HUDAnalyser.vcxproj", "{8E7FA427-5331-457F-B965-011FF133AD92}"
EndProject
Global
	GlobalSection(SolutionConfigurationPlatforms) = preSolution
		Debug|x64 = Debug|x64
		Debug|x86 = Debug|x86
		Release|x64 = Release|x64
		Release|x86 = Release|x86
	EndGlobalSection
	GlobalSection(ProjectConfigurationPlatforms) = postSolution
		{8E7FA427-5331-457F-B965-011FF133AD92}.Debug|x64.ActiveCfg = Debug|x64
		{8E7FA427-5331-457F-B965-011FF133AD92}.Debug|x64.Build.0 = Debug|x64
		{8E7FA427-5331-457F-B965-011FF133AD92}.Debug|x86.ActiveCfg = Debug|Win32
		{8E7FA427-5331-457F-B965-011FF133AD92}.Debug|x86.Build.0 = Debug|Win32
		{8E7FA427-5331-457F-B965-011FF133AD92}.Release|x64.ActiveCfg = Release|x64
		{8E7FA427-5331-457F-B965-011FF133AD92}.Release|x64.Build.0 = Release|x64
		{8E7FA427-5331-457F-B965-011FF133AD92}.Release|x86.ActiveCfg = Release|Win32
		{8E7FA427-5331-457F-B965-011FF133AD92}.Release|x86.Build.0 = Release|Win32
	EndGlobalSection
	GlobalSection(SolutionProperties) = preSolution
		HideSolutionNode = FALSE
	EndGlobalSection
	GlobalSection(ExtensibilityGlobals) = postSolution
		SolutionGuid = {2F9ABD88-C29E-491F-8B56-A29194BE0438}
	EndGlobalSection
EndGlobal
